// !$*UTF8*$!
{
	archiveVersion = 1;
	classes = {
	};
	objectVersion = 46;
	objects = {

/* Begin PBXBuildFile section */
		18418BE51EE9FC9200FF936D /* Assets.xcassets in Resources */ = {isa = PBXBuildFile; fileRef = 18418BE41EE9FC9200FF936D /* Assets.xcassets */; };
		18418BEB1EEA07F100FF936D /* LaunchScreen.storyboard in Resources */ = {isa = PBXBuildFile; fileRef = 18418BEA1EEA07F100FF936D /* LaunchScreen.storyboard */; };
		18418BED1EEA170500FF936D /* Utils.swift in Sources */ = {isa = PBXBuildFile; fileRef = 18418BEC1EEA170500FF936D /* Utils.swift */; };
		189A6EE71EEB1F7B00EC6FF9 /* TableViewController.swift in Sources */ = {isa = PBXBuildFile; fileRef = 189A6EE61EEB1F7B00EC6FF9 /* TableViewController.swift */; };
		18F7AC741EE9BD07001A8F6C /* AppDelegate.swift in Sources */ = {isa = PBXBuildFile; fileRef = 18F7AC731EE9BD07001A8F6C /* AppDelegate.swift */; };
		18F7AC761EE9BD07001A8F6C /* MainViewController.swift in Sources */ = {isa = PBXBuildFile; fileRef = 18F7AC751EE9BD07001A8F6C /* MainViewController.swift */; };
		18F7AC791EE9BD07001A8F6C /* Main.storyboard in Resources */ = {isa = PBXBuildFile; fileRef = 18F7AC771EE9BD07001A8F6C /* Main.storyboard */; };
/* End PBXBuildFile section */

/* Begin PBXFileReference section */
		18418BE41EE9FC9200FF936D /* Assets.xcassets */ = {isa = PBXFileReference; lastKnownFileType = folder.assetcatalog; path = Assets.xcassets; sourceTree = "<group>"; };
		18418BEA1EEA07F100FF936D /* LaunchScreen.storyboard */ = {isa = PBXFileReference; fileEncoding = 4; lastKnownFileType = file.storyboard; path = LaunchScreen.storyboard; sourceTree = "<group>"; };
		18418BEC1EEA170500FF936D /* Utils.swift */ = {isa = PBXFileReference; fileEncoding = 4; lastKnownFileType = sourcecode.swift; path = Utils.swift; sourceTree = "<group>"; };
		189A6EE61EEB1F7B00EC6FF9 /* TableViewController.swift */ = {isa = PBXFileReference; fileEncoding = 4; lastKnownFileType = sourcecode.swift; path = TableViewController.swift; sourceTree = "<group>"; };
		18F7AC701EE9BD07001A8F6C /* myRecords.app */ = {isa = PBXFileReference; explicitFileType = wrapper.application; includeInIndex = 0; path = myRecords.app; sourceTree = BUILT_PRODUCTS_DIR; };
		18F7AC731EE9BD07001A8F6C /* AppDelegate.swift */ = {isa = PBXFileReference; lastKnownFileType = sourcecode.swift; path = AppDelegate.swift; sourceTree = "<group>"; };
		18F7AC751EE9BD07001A8F6C /* MainViewController.swift */ = {isa = PBXFileReference; lastKnownFileType = sourcecode.swift; path = MainViewController.swift; sourceTree = "<group>"; };
		18F7AC781EE9BD07001A8F6C /* Base */ = {isa = PBXFileReference; lastKnownFileType = file.storyboard; name = Base; path = Base.lproj/Main.storyboard; sourceTree = "<group>"; };
		18F7AC7F1EE9BD08001A8F6C /* Info.plist */ = {isa = PBXFileReference; lastKnownFileType = text.plist.xml; path = Info.plist; sourceTree = "<group>"; };
/* End PBXFileReference section */

/* Begin PBXFrameworksBuildPhase section */
		18F7AC6D1EE9BD07001A8F6C /* Frameworks */ = {
			isa = PBXFrameworksBuildPhase;
			buildActionMask = 2147483647;
			files = (
			);
			runOnlyForDeploymentPostprocessing = 0;
		};
/* End PBXFrameworksBuildPhase section */

/* Begin PBXGroup section */
		18F7AC671EE9BD07001A8F6C = {
			isa = PBXGroup;
			children = (
				18F7AC721EE9BD07001A8F6C /* myRecords */,
				18F7AC711EE9BD07001A8F6C /* Products */,
			);
			sourceTree = "<group>";
		};
		18F7AC711EE9BD07001A8F6C /* Products */ = {
			isa = PBXGroup;
			children = (
				18F7AC701EE9BD07001A8F6C /* myRecords.app */,
			);
			name = Products;
			sourceTree = "<group>";
		};
		18F7AC721EE9BD07001A8F6C /* myRecords */ = {
			isa = PBXGroup;
			children = (
				18F7AC731EE9BD07001A8F6C /* AppDelegate.swift */,
				18F7AC751EE9BD07001A8F6C /* MainViewController.swift */,
				18F7AC771EE9BD07001A8F6C /* Main.storyboard */,
				18418BE41EE9FC9200FF936D /* Assets.xcassets */,
				18F7AC7F1EE9BD08001A8F6C /* Info.plist */,
				18418BEA1EEA07F100FF936D /* LaunchScreen.storyboard */,
				18418BEC1EEA170500FF936D /* Utils.swift */,
				189A6EE61EEB1F7B00EC6FF9 /* TableViewController.swift */,
			);
			path = myRecords;
			sourceTree = "<group>";
		};
/* End PBXGroup section */

/* Begin PBXNativeTarget section */
		18F7AC6F1EE9BD07001A8F6C /* myRecords */ = {
			isa = PBXNativeTarget;
			buildConfigurationList = 18F7AC821EE9BD08001A8F6C /* Build configuration list for PBXNativeTarget "myRecords" */;
			buildPhases = (
				18F7AC6C1EE9BD07001A8F6C /* Sources */,
				18F7AC6D1EE9BD07001A8F6C /* Frameworks */,
				18F7AC6E1EE9BD07001A8F6C /* Resources */,
			);
			buildRules = (
			);
			dependencies = (
			);
			name = myRecords;
			productName = myRecords;
			productReference = 18F7AC701EE9BD07001A8F6C /* myRecords.app */;
			productType = "com.apple.product-type.application";
		};
/* End PBXNativeTarget section */

/* Begin PBXProject section */
		18F7AC681EE9BD07001A8F6C /* Project object */ = {
			isa = PBXProject;
			attributes = {
				LastSwiftUpdateCheck = 0830;
				LastUpgradeCheck = 0830;
				ORGANIZATIONNAME = "Luis Tejada";
				TargetAttributes = {
					18F7AC6F1EE9BD07001A8F6C = {
						CreatedOnToolsVersion = 8.3.3;
						DevelopmentTeam = TXNY6KEMAX;
						ProvisioningStyle = Automatic;
					};
				};
			};
			buildConfigurationList = 18F7AC6B1EE9BD07001A8F6C /* Build configuration list for PBXProject "myRecords" */;
			compatibilityVersion = "Xcode 3.2";
			developmentRegion = English;
			hasScannedForEncodings = 0;
			knownRegions = (
				en,
				Base,
			);
			mainGroup = 18F7AC671EE9BD07001A8F6C;
			productRefGroup = 18F7AC711EE9BD07001A8F6C /* Products */;
			projectDirPath = "";
			projectRoot = "";
			targets = (
				18F7AC6F1EE9BD07001A8F6C /* myRecords */,
			);
		};
/* End PBXProject section */

/* Begin PBXResourcesBuildPhase section */
		18F7AC6E1EE9BD07001A8F6C /* Resources */ = {
			isa = PBXResourcesBuildPhase;
			buildActionMask = 2147483647;
			files = (
				18418BEB1EEA07F100FF936D /* LaunchScreen.storyboard in Resources */,
				18418BE51EE9FC9200FF936D /* Assets.xcassets in Resources */,
				18F7AC791EE9BD07001A8F6C /* Main.storyboard in Resources */,
			);
			runOnlyForDeploymentPostprocessing = 0;
		};
/* End PBXResourcesBuildPhase section */

/* Begin PBXSourcesBuildPhase section */
		18F7AC6C1EE9BD07001A8F6C /* Sources */ = {
			isa = PBXSourcesBuildPhase;
			buildActionMask = 2147483647;
			files = (
				18F7AC761EE9BD07001A8F6C /* MainViewController.swift in Sources */,
				18F7AC741EE9BD07001A8F6C /* AppDelegate.swift in Sources */,
				18418BED1EEA170500FF936D /* Utils.swift in Sources */,
				189A6EE71EEB1F7B00EC6FF9 /* TableViewController.swift in Sources */,
			);
			runOnlyForDeploymentPostprocessing = 0;
		};
/* End PBXSourcesBuildPhase section */

/* Begin PBXVariantGroup section */
		18F7AC771EE9BD07001A8F6C /* Main.storyboard */ = {
			isa = PBXVariantGroup;
			children = (
				18F7AC781EE9BD07001A8F6C /* Base */,
			);
			name = Main.storyboard;
			sourceTree = "<group>";
		};
/* End PBXVariantGroup section */

/* Begin XCBuildConfiguration section */
		18F7AC801EE9BD08001A8F6C /* Debug */ = {
			isa = XCBuildConfiguration;
			buildSettings = {
				ALWAYS_SEARCH_USER_PATHS = NO;
				CLANG_ANALYZER_NONNULL = YES;
				CLANG_ANALYZER_NUMBER_OBJECT_CONVERSION = YES_AGGRESSIVE;
				CLANG_CXX_LANGUAGE_STANDARD = "gnu++0x";
				CLANG_CXX_LIBRARY = "libc++";
				CLANG_ENABLE_MODULES = YES;
				CLANG_ENABLE_OBJC_ARC = YES;
				CLANG_WARN_BOOL_CONVERSION = YES;
				CLANG_WARN_CONSTANT_CONVERSION = YES;
				CLANG_WARN_DIRECT_OBJC_ISA_USAGE = YES_ERROR;
				CLANG_WARN_DOCUMENTATION_COMMENTS = YES;
				CLANG_WARN_EMPTY_BODY = YES;
				CLANG_WARN_ENUM_CONVERSION = YES;
				CLANG_WARN_INFINITE_RECURSION = YES;
				CLANG_WARN_INT_CONVERSION = YES;
				CLANG_WARN_OBJC_ROOT_CLASS = YES_ERROR;
				CLANG_WARN_SUSPICIOUS_MOVE = YES;
				CLANG_WARN_UNREACHABLE_CODE = YES;
				CLANG_WARN__DUPLICATE_METHOD_MATCH = YES;
				"CODE_SIGN_IDENTITY[sdk=iphoneos*]" = "iPhone Developer";
				COPY_PHASE_STRIP = NO;
				DEBUG_INFORMATION_FORMAT = dwarf;
				ENABLE_STRICT_OBJC_MSGSEND = YES;
				ENABLE_TESTABILITY = YES;
				GCC_C_LANGUAGE_STANDARD = gnu99;
				GCC_DYNAMIC_NO_PIC = NO;
				GCC_NO_COMMON_BLOCKS = YES;
				GCC_OPTIMIZATION_LEVEL = 0;
				GCC_PREPROCESSOR_DEFINITIONS = (
					"DEBUG=1",
					"$(inherited)",
				);
				GCC_WARN_64_TO_32_BIT_CONVERSION = YES;
				GCC_WARN_ABOUT_RETURN_TYPE = YES_ERROR;
				GCC_WARN_UNDECLARED_SELECTOR = YES;
				GCC_WARN_UNINITIALIZED_AUTOS = YES_AGGRESSIVE;
				GCC_WARN_UNUSED_FUNCTION = YES;
				GCC_WARN_UNUSED_VARIABLE = YES;
				IPHONEOS_DEPLOYMENT_TARGET = 10.3;
				MTL_ENABLE_DEBUG_INFO = YES;
				ONLY_ACTIVE_ARCH = YES;
				SDKROOT = iphoneos;
				SWIFT_ACTIVE_COMPILATION_CONDITIONS = DEBUG;
				SWIFT_OPTIMIZATION_LEVEL = "-Onone";
				TARGETED_DEVICE_FAMILY = "1,2";
			};
			name = Debug;
		};
		18F7AC811EE9BD08001A8F6C /* Release */ = {
			isa = XCBuildConfiguration;
			buildSettings = {
				ALWAYS_SEARCH_USER_PATHS = NO;
				CLANG_ANALYZER_NONNULL = YES;
				CLANG_ANALYZER_NUMBER_OBJECT_CONVERSION = YES_AGGRESSIVE;
				CLANG_CXX_LANGUAGE_STANDARD = "gnu++0x";
				CLANG_CXX_LIBRARY = "libc++";
				CLANG_ENABLE_MODULES = YES;
				CLANG_ENABLE_OBJC_ARC = YES;
				CLANG_WARN_BOOL_CONVERSION = YES;
				CLANG_WARN_CONSTANT_CONVERSION = YES;
				CLANG_WARN_DIRECT_OBJC_ISA_USAGE = YES_ERROR;
				CLANG_WARN_DOCUMENTATION_COMMENTS = YES;
				CLANG_WARN_EMPTY_BODY = YES;
				CLANG_WARN_ENUM_CONVERSION = YES;
				CLANG_WARN_INFINITE_RECURSION = YES;
				CLANG_WARN_INT_CONVERSION = YES;
				CLANG_WARN_OBJC_ROOT_CLASS = YES_ERROR;
				CLANG_WARN_SUSPICIOUS_MOVE = YES;
				CLANG_WARN_UNREACHABLE_CODE = YES;
				CLANG_WARN__DUPLICATE_METHOD_MATCH = YES;
				"CODE_SIGN_IDENTITY[sdk=iphoneos*]" = "iPhone Developer";
				COPY_PHASE_STRIP = NO;
				DEBUG_INFORMATION_FORMAT = "dwarf-with-dsym";
				ENABLE_NS_ASSERTIONS = NO;
				ENABLE_STRICT_OBJC_MSGSEND = YES;
				GCC_C_LANGUAGE_STANDARD = gnu99;
				GCC_NO_COMMON_BLOCKS = YES;
				GCC_WARN_64_TO_32_BIT_CONVERSION = YES;
				GCC_WARN_ABOUT_RETURN_TYPE = YES_ERROR;
				GCC_WARN_UNDECLARED_SELECTOR = YES;
				GCC_WARN_UNINITIALIZED_AUTOS = YES_AGGRESSIVE;
				GCC_WARN_UNUSED_FUNCTION = YES;
				GCC_WARN_UNUSED_VARIABLE = YES;
				IPHONEOS_DEPLOYMENT_TARGET = 10.3;
				MTL_ENABLE_DEBUG_INFO = NO;
				SDKROOT = iphoneos;
				SWIFT_OPTIMIZATION_LEVEL = "-Owholemodule";
				TARGETED_DEVICE_FAMILY = "1,2";
				VALIDATE_PRODUCT = YES;
			};
			name = Release;
		};
		18F7AC831EE9BD08001A8F6C /* Debug */ = {
			isa = XCBuildConfiguration;
			buildSettings = {
				ASSETCATALOG_COMPILER_APPICON_NAME = AppIcon;
				DEVELOPMENT_TEAM = TXNY6KEMAX;
				INFOPLIST_FILE = myRecords/Info.plist;
				LD_RUNPATH_SEARCH_PATHS = "$(inherited) @executable_path/Frameworks";
				PRODUCT_BUNDLE_IDENTIFIER = me.luistejada.myRecords;
				PRODUCT_NAME = "$(TARGET_NAME)";
				SWIFT_VERSION = 3.0;
			};
			name = Debug;
		};
		18F7AC841EE9BD08001A8F6C /* Release */ = {
			isa = XCBuildConfiguration;
			buildSettings = {
				ASSETCATALOG_COMPILER_APPICON_NAME = AppIcon;
				DEVELOPMENT_TEAM = TXNY6KEMAX;
				INFOPLIST_FILE = myRecords/Info.plist;
				LD_RUNPATH_SEARCH_PATHS = "$(inherited) @executable_path/Frameworks";
				PRODUCT_BUNDLE_IDENTIFIER = me.luistejada.myRecords;
				PRODUCT_NAME = "$(TARGET_NAME)";
				SWIFT_VERSION = 3.0;
			};
			name = Release;
		};
/* End XCBuildConfiguration section */

/* Begin XCConfigurationList section */
		18F7AC6B1EE9BD07001A8F6C /* Build configuration list for PBXProject "myRecords" */ = {
			isa = XCConfigurationList;
			buildConfigurations = (
				18F7AC801EE9BD08001A8F6C /* Debug */,
				18F7AC811EE9BD08001A8F6C /* Release */,
			);
			defaultConfigurationIsVisible = 0;
			defaultConfigurationName = Release;
		};
		18F7AC821EE9BD08001A8F6C /* Build configuration list for PBXNativeTarget "myRecords" */ = {
			isa = XCConfigurationList;
			buildConfigurations = (
				18F7AC831EE9BD08001A8F6C /* Debug */,
				18F7AC841EE9BD08001A8F6C /* Release */,
			);
			defaultConfigurationIsVisible = 0;
			defaultConfigurationName = Release;
		};
/* End XCConfigurationList section */
	};
	rootObject = 18F7AC681EE9BD07001A8F6C /* Project object */;
}
